{
    "name": "fraction-tool",
    "version": "1.0.0",
    "lockfileVersion": 3,
    "requires": true,
    "packages": {
        "": {
            "name": "fraction-tool",
            "version": "1.0.0",
            "dependencies": {
                "fraction-tool": "^1.0.0"
            }
        },
        "node_modules/fraction-tool": {
            "version": "1.0.0",
            "resolved": "https://registry.npmjs.org/fraction-tool/-/fraction-tool-1.0.0.tgz",
            "integrity": "sha512-bX0t4Nu9Y8gSdSY9LvllFgPKtTWqQNUoN55R4KPyHbMYc+ih3BPsP0BODLo0MTy4dj8lVdcgi7i+me9w6kO1dw=="
        }
    }
}
